
Microsoft Visual Studio Solution File, Format Version 12.00
# Visual Studio Version 17
VisualStudioVersion = 17.10.34707.107
MinimumVisualStudioVersion = 10.0.40219.1
Project("{9A19103F-16F7-4668-BE54-9A1E7A4F7556}") = "Goke.Web", "Goke.Web\Goke.Web\Goke.Web.csproj", "{B49620A7-075C-4087-973B-EF16913EDAEB}"
EndProject
Project("{9A19103F-16F7-4668-BE54-9A1E7A4F7556}") = "Goke.Web.Client", "Goke.Web\Goke.Web.Client\Goke.Web.Client.csproj", "{79FAB020-7399-42B6-BE48-B6F3ECA80779}"
EndProject
Project("{2150E333-8FDC-42A3-9474-1A3956D46DE8}") = "Solution Items", "Solution Items", "{20EB2C99-4489-497C-BDBE-391A9509313B}"
	ProjectSection(SolutionItems) = preProject
		azure-pipelines.yml = azure-pipelines.yml
		res.txt = res.txt
	EndProjectSection
EndProject
Project("{9A19103F-16F7-4668-BE54-9A1E7A4F7556}") = "Goke.Web.Shared", "Goke.web.Shared\Goke.Web.Shared.csproj", "{F881093F-EC4D-46E4-BBF7-08030CBA5681}"
EndProject
Project("{9A19103F-16F7-4668-BE54-9A1E7A4F7556}") = "Goke.Razor.Components", "Goke.Razor.Components\Goke.Razor.Components.csproj", "{74D822C5-1B07-41C1-B867-C3199E14C657}"
EndProject
Project("{9A19103F-16F7-4668-BE54-9A1E7A4F7556}") = "Goke.Web.Data", "Goke.Web.Data\Goke.Web.Data.csproj", "{A9F48B0F-9A20-44B8-BBCB-EBE2EA7A2E89}"
EndProject
Project("{9A19103F-16F7-4668-BE54-9A1E7A4F7556}") = "Goke.Web.WindowsMigrations", "Goke.Web.WindowsMigrations\Goke.Web.WindowsMigrations.csproj", "{1EBC793D-F9CF-4A3B-B871-F85135C06342}"
EndProject
Project("{9A19103F-16F7-4668-BE54-9A1E7A4F7556}") = "Goke.Web.LinuxMigrations", "Goke.Web.LinuxMigrations\Goke.Web.LinuxMigrations.csproj", "{30FC73F7-2E10-49FF-A8E0-E7BB5D011140}"
EndProject
Project("{9A19103F-16F7-4668-BE54-9A1E7A4F7556}") = "Goke.Web.Entities", "Goke.Web.Entities\Goke.Web.Entities.csproj", "{1B92EC4E-74BF-40AD-8CA1-F9E679119154}"
EndProject
Project("{2150E333-8FDC-42A3-9474-1A3956D46DE8}") = "Lib", "Lib", "{ABFE2ABC-33C6-4343-9DFD-FC3FC851200A}"
EndProject
Project("{9A19103F-16F7-4668-BE54-9A1E7A4F7556}") = "Goke.Web.DTOs", "Goke.Web.DTOs\Goke.Web.DTOs.csproj", "{D044B3E0-AB3E-4C7D-8633-655263EE1D9B}"
EndProject
Project("{2150E333-8FDC-42A3-9474-1A3956D46DE8}") = "_", "_", "{6DA22F39-07A4-48AD-8F27-9DA5CCCAE054}"
EndProject
Project("{FAE04EC0-301F-11D3-BF4B-00C04F79EFBC}") = "Goke.Code", "Goke.Code\Goke.Code.csproj", "{A6A89176-8A32-4D30-BFD4-D87F30F8C848}"
EndProject
Project("{FAE04EC0-301F-11D3-BF4B-00C04F79EFBC}") = "Goke", "Goke\Goke.csproj", "{CB540097-85D2-4F0C-9178-3FECC3357297}"
EndProject
Project("{9A19103F-16F7-4668-BE54-9A1E7A4F7556}") = "Goke.Core", "..\goke\cs\Goke.Core\Goke.Core.csproj", "{EF78E8B6-5846-4EF5-ADCF-CD504473D4AC}"
EndProject
Project("{9A19103F-16F7-4668-BE54-9A1E7A4F7556}") = "Goke.Bible.Entities", "..\Bible\BibleApp\Goke.Bible.Entities\Goke.Bible.Entities.csproj", "{1A832590-FBC1-4A9F-A528-59B69A71DF25}"
EndProject
Global
	GlobalSection(SolutionConfigurationPlatforms) = preSolution
		Debug|Any CPU = Debug|Any CPU
		Release|Any CPU = Release|Any CPU
	EndGlobalSection
	GlobalSection(ProjectConfigurationPlatforms) = postSolution
		{B49620A7-075C-4087-973B-EF16913EDAEB}.Debug|Any CPU.ActiveCfg = Debug|Any CPU
		{B49620A7-075C-4087-973B-EF16913EDAEB}.Debug|Any CPU.Build.0 = Debug|Any CPU
		{B49620A7-075C-4087-973B-EF16913EDAEB}.Release|Any CPU.ActiveCfg = Release|Any CPU
		{B49620A7-075C-4087-973B-EF16913EDAEB}.Release|Any CPU.Build.0 = Release|Any CPU
		{79FAB020-7399-42B6-BE48-B6F3ECA80779}.Debug|Any CPU.ActiveCfg = Debug|Any CPU
		{79FAB020-7399-42B6-BE48-B6F3ECA80779}.Debug|Any CPU.Build.0 = Debug|Any CPU
		{79FAB020-7399-42B6-BE48-B6F3ECA80779}.Release|Any CPU.ActiveCfg = Release|Any CPU
		{79FAB020-7399-42B6-BE48-B6F3ECA80779}.Release|Any CPU.Build.0 = Release|Any CPU
		{F881093F-EC4D-46E4-BBF7-08030CBA5681}.Debug|Any CPU.ActiveCfg = Debug|Any CPU
		{F881093F-EC4D-46E4-BBF7-08030CBA5681}.Debug|Any CPU.Build.0 = Debug|Any CPU
		{F881093F-EC4D-46E4-BBF7-08030CBA5681}.Release|Any CPU.ActiveCfg = Release|Any CPU
		{F881093F-EC4D-46E4-BBF7-08030CBA5681}.Release|Any CPU.Build.0 = Release|Any CPU
		{74D822C5-1B07-41C1-B867-C3199E14C657}.Debug|Any CPU.ActiveCfg = Debug|Any CPU
		{74D822C5-1B07-41C1-B867-C3199E14C657}.Debug|Any CPU.Build.0 = Debug|Any CPU
		{74D822C5-1B07-41C1-B867-C3199E14C657}.Release|Any CPU.ActiveCfg = Release|Any CPU
		{74D822C5-1B07-41C1-B867-C3199E14C657}.Release|Any CPU.Build.0 = Release|Any CPU
		{A9F48B0F-9A20-44B8-BBCB-EBE2EA7A2E89}.Debug|Any CPU.ActiveCfg = Debug|Any CPU
		{A9F48B0F-9A20-44B8-BBCB-EBE2EA7A2E89}.Debug|Any CPU.Build.0 = Debug|Any CPU
		{A9F48B0F-9A20-44B8-BBCB-EBE2EA7A2E89}.Release|Any CPU.ActiveCfg = Release|Any CPU
		{A9F48B0F-9A20-44B8-BBCB-EBE2EA7A2E89}.Release|Any CPU.Build.0 = Release|Any CPU
		{1EBC793D-F9CF-4A3B-B871-F85135C06342}.Debug|Any CPU.ActiveCfg = Debug|Any CPU
		{1EBC793D-F9CF-4A3B-B871-F85135C06342}.Debug|Any CPU.Build.0 = Debug|Any CPU
		{1EBC793D-F9CF-4A3B-B871-F85135C06342}.Release|Any CPU.ActiveCfg = Release|Any CPU
		{1EBC793D-F9CF-4A3B-B871-F85135C06342}.Release|Any CPU.Build.0 = Release|Any CPU
		{30FC73F7-2E10-49FF-A8E0-E7BB5D011140}.Debug|Any CPU.ActiveCfg = Debug|Any CPU
		{30FC73F7-2E10-49FF-A8E0-E7BB5D011140}.Debug|Any CPU.Build.0 = Debug|Any CPU
		{30FC73F7-2E10-49FF-A8E0-E7BB5D011140}.Release|Any CPU.ActiveCfg = Release|Any CPU
		{30FC73F7-2E10-49FF-A8E0-E7BB5D011140}.Release|Any CPU.Build.0 = Release|Any CPU
		{1B92EC4E-74BF-40AD-8CA1-F9E679119154}.Debug|Any CPU.ActiveCfg = Debug|Any CPU
		{1B92EC4E-74BF-40AD-8CA1-F9E679119154}.Debug|Any CPU.Build.0 = Debug|Any CPU
		{1B92EC4E-74BF-40AD-8CA1-F9E679119154}.Release|Any CPU.ActiveCfg = Release|Any CPU
		{1B92EC4E-74BF-40AD-8CA1-F9E679119154}.Release|Any CPU.Build.0 = Release|Any CPU
		{D044B3E0-AB3E-4C7D-8633-655263EE1D9B}.Debug|Any CPU.ActiveCfg = Debug|Any CPU
		{D044B3E0-AB3E-4C7D-8633-655263EE1D9B}.Debug|Any CPU.Build.0 = Debug|Any CPU
		{D044B3E0-AB3E-4C7D-8633-655263EE1D9B}.Release|Any CPU.ActiveCfg = Release|Any CPU
		{D044B3E0-AB3E-4C7D-8633-655263EE1D9B}.Release|Any CPU.Build.0 = Release|Any CPU
		{A6A89176-8A32-4D30-BFD4-D87F30F8C848}.Debug|Any CPU.ActiveCfg = Debug|Any CPU
		{A6A89176-8A32-4D30-BFD4-D87F30F8C848}.Debug|Any CPU.Build.0 = Debug|Any CPU
		{A6A89176-8A32-4D30-BFD4-D87F30F8C848}.Release|Any CPU.ActiveCfg = Release|Any CPU
		{A6A89176-8A32-4D30-BFD4-D87F30F8C848}.Release|Any CPU.Build.0 = Release|Any CPU
		{CB540097-85D2-4F0C-9178-3FECC3357297}.Debug|Any CPU.ActiveCfg = Debug|Any CPU
		{CB540097-85D2-4F0C-9178-3FECC3357297}.Debug|Any CPU.Build.0 = Debug|Any CPU
		{CB540097-85D2-4F0C-9178-3FECC3357297}.Release|Any CPU.ActiveCfg = Release|Any CPU
		{CB540097-85D2-4F0C-9178-3FECC3357297}.Release|Any CPU.Build.0 = Release|Any CPU
		{EF78E8B6-5846-4EF5-ADCF-CD504473D4AC}.Debug|Any CPU.ActiveCfg = Debug|Any CPU
		{EF78E8B6-5846-4EF5-ADCF-CD504473D4AC}.Debug|Any CPU.Build.0 = Debug|Any CPU
		{EF78E8B6-5846-4EF5-ADCF-CD504473D4AC}.Release|Any CPU.ActiveCfg = Release|Any CPU
		{EF78E8B6-5846-4EF5-ADCF-CD504473D4AC}.Release|Any CPU.Build.0 = Release|Any CPU
		{1A832590-FBC1-4A9F-A528-59B69A71DF25}.Debug|Any CPU.ActiveCfg = Debug|Any CPU
		{1A832590-FBC1-4A9F-A528-59B69A71DF25}.Debug|Any CPU.Build.0 = Debug|Any CPU
		{1A832590-FBC1-4A9F-A528-59B69A71DF25}.Release|Any CPU.ActiveCfg = Release|Any CPU
		{1A832590-FBC1-4A9F-A528-59B69A71DF25}.Release|Any CPU.Build.0 = Release|Any CPU
	EndGlobalSection
	GlobalSection(SolutionProperties) = preSolution
		HideSolutionNode = FALSE
	EndGlobalSection
	GlobalSection(NestedProjects) = preSolution
		{A9F48B0F-9A20-44B8-BBCB-EBE2EA7A2E89} = {ABFE2ABC-33C6-4343-9DFD-FC3FC851200A}
		{1EBC793D-F9CF-4A3B-B871-F85135C06342} = {ABFE2ABC-33C6-4343-9DFD-FC3FC851200A}
		{30FC73F7-2E10-49FF-A8E0-E7BB5D011140} = {ABFE2ABC-33C6-4343-9DFD-FC3FC851200A}
		{1B92EC4E-74BF-40AD-8CA1-F9E679119154} = {ABFE2ABC-33C6-4343-9DFD-FC3FC851200A}
		{D044B3E0-AB3E-4C7D-8633-655263EE1D9B} = {ABFE2ABC-33C6-4343-9DFD-FC3FC851200A}
		{A6A89176-8A32-4D30-BFD4-D87F30F8C848} = {6DA22F39-07A4-48AD-8F27-9DA5CCCAE054}
		{CB540097-85D2-4F0C-9178-3FECC3357297} = {6DA22F39-07A4-48AD-8F27-9DA5CCCAE054}
		{EF78E8B6-5846-4EF5-ADCF-CD504473D4AC} = {ABFE2ABC-33C6-4343-9DFD-FC3FC851200A}
		{1A832590-FBC1-4A9F-A528-59B69A71DF25} = {ABFE2ABC-33C6-4343-9DFD-FC3FC851200A}
	EndGlobalSection
	GlobalSection(ExtensibilityGlobals) = postSolution
		SolutionGuid = {82EC32E6-DB82-48E7-A2B5-762D6A22AAA3}
	EndGlobalSection
EndGlobal
