
Microsoft Visual Studio Solution File, Format Version 12.00
# Visual Studio Version 17
VisualStudioVersion = 17.10.34707.107
MinimumVisualStudioVersion = 10.0.40219.1
Project("{9A19103F-16F7-4668-BE54-9A1E7A4F7556}") = "Goke.Web", "Goke.Web\Goke.Web\Goke.Web.csproj", "{B49620A7-075C-4087-973B-EF16913EDAEB}"
EndProject
Project("{9A19103F-16F7-4668-BE54-9A1E7A4F7556}") = "Goke.Web.Client", "Goke.Web\Goke.Web.Client\Goke.Web.Client.csproj", "{79FAB020-7399-42B6-BE48-B6F3ECA80779}"
EndProject
Project("{2150E333-8FDC-42A3-9474-1A3956D46DE8}") = "Solution Items", "Solution Items", "{20EB2C99-4489-497C-BDBE-391A9509313B}"
	ProjectSection(SolutionItems) = preProject
		azure-pipelines.yml = azure-pipelines.yml
		res.txt = res.txt
	EndProjectSection
EndProject
Project("{9A19103F-16F7-4668-BE54-9A1E7A4F7556}") = "Goke.Web.Shared", "Goke.web.Shared\Goke.Web.Shared.csproj", "{F881093F-EC4D-46E4-BBF7-08030CBA5681}"
EndProject
Project("{9A19103F-16F7-4668-BE54-9A1E7A4F7556}") = "Goke.Razor.Components", "Goke.Razor.Components\Goke.Razor.Components.csproj", "{74D822C5-1B07-41C1-B867-C3199E14C657}"
EndProject
Project("{9A19103F-16F7-4668-BE54-9A1E7A4F7556}") = "Goke.Web.Data", "Goke.Web.Data\Goke.Web.Data.csproj", "{A9F48B0F-9A20-44B8-BBCB-EBE2EA7A2E89}"
EndProject
Project("{9A19103F-16F7-4668-BE54-9A1E7A4F7556}") = "Goke.Web.WindowsMigrations", "Goke.Web.WindowsMigrations\Goke.Web.WindowsMigrations.csproj", "{1EBC793D-F9CF-4A3B-B871-F85135C06342}"
EndProject
Project("{9A19103F-16F7-4668-BE54-9A1E7A4F7556}") = "Goke.Web.LinuxMigrations", "Goke.Web.LinuxMigrations\Goke.Web.LinuxMigrations.csproj", "{30FC73F7-2E10-49FF-A8E0-E7BB5D011140}"
EndProject
Project("{9A19103F-16F7-4668-BE54-9A1E7A4F7556}") = "Goke.Web.Entities", "Goke.Web.Entities\Goke.Web.Entities.csproj", "{1B92EC4E-74BF-40AD-8CA1-F9E679119154}"
EndProject
Project("{2150E333-8FDC-42A3-9474-1A3956D46DE8}") = "Lib", "Lib", "{ABFE2ABC-33C6-4343-9DFD-FC3FC851200A}"
EndProject
Project("{2150E333-8FDC-42A3-9474-1A3956D46DE8}") = "_", "_", "{6DA22F39-07A4-48AD-8F27-9DA5CCCAE054}"
EndProject
Project("{FAE04EC0-301F-11D3-BF4B-00C04F79EFBC}") = "Goke.Code", "Goke.Code\Goke.Code.csproj", "{A6A89176-8A32-4D30-BFD4-D87F30F8C848}"
EndProject
Project("{FAE04EC0-301F-11D3-BF4B-00C04F79EFBC}") = "Goke", "Goke\Goke.csproj", "{CB540097-85D2-4F0C-9178-3FECC3357297}"
EndProject
Project("{9A19103F-16F7-4668-BE54-9A1E7A4F7556}") = "Goke.Bible.Entities", "Goke.Bible.Entities\Goke.Bible.Entities.csproj", "{4031AEE7-462E-4C75-8F0A-DA1B7830CC1E}"
EndProject
Project("{9A19103F-16F7-4668-BE54-9A1E7A4F7556}") = "Goke.Core.Entities", "Goke.Core.Entities\Goke.Core.Entities.csproj", "{8E0D1E4F-C74B-4D3B-B87E-1D6F8043D797}"
EndProject
Project("{9A19103F-16F7-4668-BE54-9A1E7A4F7556}") = "Goke.Core.Dtos", "Goke.Core.Dtos\Goke.Core.Dtos.csproj", "{0A3B7B54-35C5-4A40-8410-721A8DC184AC}"
EndProject
Project("{FAE04EC0-301F-11D3-BF4B-00C04F79EFBC}") = "Goke.Maths", "Goke.Maths\Goke.Maths.csproj", "{38B60E3E-1E25-4599-A30A-A0F9CD5A2DE1}"
EndProject
Project("{FAE04EC0-301F-11D3-BF4B-00C04F79EFBC}") = "Goke.Maths.Tests", "Goke.Maths.Tests\Goke.Maths.Tests.csproj", "{89A2208F-D88A-4BD2-9E24-CA387F59B668}"
EndProject
Project("{FAE04EC0-301F-11D3-BF4B-00C04F79EFBC}") = "Goke.Biomass", "Goke.Biomass\Goke.Biomass.csproj", "{8CC544D1-6E95-42A8-A179-17FB58C017FE}"
EndProject
Global
	GlobalSection(SolutionConfigurationPlatforms) = preSolution
		Debug|Any CPU = Debug|Any CPU
		Release|Any CPU = Release|Any CPU
	EndGlobalSection
	GlobalSection(ProjectConfigurationPlatforms) = postSolution
		{B49620A7-075C-4087-973B-EF16913EDAEB}.Debug|Any CPU.ActiveCfg = Debug|Any CPU
		{B49620A7-075C-4087-973B-EF16913EDAEB}.Debug|Any CPU.Build.0 = Debug|Any CPU
		{B49620A7-075C-4087-973B-EF16913EDAEB}.Release|Any CPU.ActiveCfg = Release|Any CPU
		{B49620A7-075C-4087-973B-EF16913EDAEB}.Release|Any CPU.Build.0 = Release|Any CPU
		{79FAB020-7399-42B6-BE48-B6F3ECA80779}.Debug|Any CPU.ActiveCfg = Debug|Any CPU
		{79FAB020-7399-42B6-BE48-B6F3ECA80779}.Debug|Any CPU.Build.0 = Debug|Any CPU
		{79FAB020-7399-42B6-BE48-B6F3ECA80779}.Release|Any CPU.ActiveCfg = Release|Any CPU
		{79FAB020-7399-42B6-BE48-B6F3ECA80779}.Release|Any CPU.Build.0 = Release|Any CPU
		{F881093F-EC4D-46E4-BBF7-08030CBA5681}.Debug|Any CPU.ActiveCfg = Debug|Any CPU
		{F881093F-EC4D-46E4-BBF7-08030CBA5681}.Debug|Any CPU.Build.0 = Debug|Any CPU
		{F881093F-EC4D-46E4-BBF7-08030CBA5681}.Release|Any CPU.ActiveCfg = Release|Any CPU
		{F881093F-EC4D-46E4-BBF7-08030CBA5681}.Release|Any CPU.Build.0 = Release|Any CPU
		{74D822C5-1B07-41C1-B867-C3199E14C657}.Debug|Any CPU.ActiveCfg = Debug|Any CPU
		{74D822C5-1B07-41C1-B867-C3199E14C657}.Debug|Any CPU.Build.0 = Debug|Any CPU
		{74D822C5-1B07-41C1-B867-C3199E14C657}.Release|Any CPU.ActiveCfg = Release|Any CPU
		{74D822C5-1B07-41C1-B867-C3199E14C657}.Release|Any CPU.Build.0 = Release|Any CPU
		{A9F48B0F-9A20-44B8-BBCB-EBE2EA7A2E89}.Debug|Any CPU.ActiveCfg = Debug|Any CPU
		{A9F48B0F-9A20-44B8-BBCB-EBE2EA7A2E89}.Debug|Any CPU.Build.0 = Debug|Any CPU
		{A9F48B0F-9A20-44B8-BBCB-EBE2EA7A2E89}.Release|Any CPU.ActiveCfg = Release|Any CPU
		{A9F48B0F-9A20-44B8-BBCB-EBE2EA7A2E89}.Release|Any CPU.Build.0 = Release|Any CPU
		{1EBC793D-F9CF-4A3B-B871-F85135C06342}.Debug|Any CPU.ActiveCfg = Debug|Any CPU
		{1EBC793D-F9CF-4A3B-B871-F85135C06342}.Debug|Any CPU.Build.0 = Debug|Any CPU
		{1EBC793D-F9CF-4A3B-B871-F85135C06342}.Release|Any CPU.ActiveCfg = Release|Any CPU
		{1EBC793D-F9CF-4A3B-B871-F85135C06342}.Release|Any CPU.Build.0 = Release|Any CPU
		{30FC73F7-2E10-49FF-A8E0-E7BB5D011140}.Debug|Any CPU.ActiveCfg = Debug|Any CPU
		{30FC73F7-2E10-49FF-A8E0-E7BB5D011140}.Debug|Any CPU.Build.0 = Debug|Any CPU
		{30FC73F7-2E10-49FF-A8E0-E7BB5D011140}.Release|Any CPU.ActiveCfg = Release|Any CPU
		{30FC73F7-2E10-49FF-A8E0-E7BB5D011140}.Release|Any CPU.Build.0 = Release|Any CPU
		{1B92EC4E-74BF-40AD-8CA1-F9E679119154}.Debug|Any CPU.ActiveCfg = Debug|Any CPU
		{1B92EC4E-74BF-40AD-8CA1-F9E679119154}.Debug|Any CPU.Build.0 = Debug|Any CPU
		{1B92EC4E-74BF-40AD-8CA1-F9E679119154}.Release|Any CPU.ActiveCfg = Release|Any CPU
		{1B92EC4E-74BF-40AD-8CA1-F9E679119154}.Release|Any CPU.Build.0 = Release|Any CPU
		{A6A89176-8A32-4D30-BFD4-D87F30F8C848}.Debug|Any CPU.ActiveCfg = Debug|Any CPU
		{A6A89176-8A32-4D30-BFD4-D87F30F8C848}.Debug|Any CPU.Build.0 = Debug|Any CPU
		{A6A89176-8A32-4D30-BFD4-D87F30F8C848}.Release|Any CPU.ActiveCfg = Release|Any CPU
		{A6A89176-8A32-4D30-BFD4-D87F30F8C848}.Release|Any CPU.Build.0 = Release|Any CPU
		{CB540097-85D2-4F0C-9178-3FECC3357297}.Debug|Any CPU.ActiveCfg = Debug|Any CPU
		{CB540097-85D2-4F0C-9178-3FECC3357297}.Debug|Any CPU.Build.0 = Debug|Any CPU
		{CB540097-85D2-4F0C-9178-3FECC3357297}.Release|Any CPU.ActiveCfg = Release|Any CPU
		{CB540097-85D2-4F0C-9178-3FECC3357297}.Release|Any CPU.Build.0 = Release|Any CPU
		{4031AEE7-462E-4C75-8F0A-DA1B7830CC1E}.Debug|Any CPU.ActiveCfg = Debug|Any CPU
		{4031AEE7-462E-4C75-8F0A-DA1B7830CC1E}.Debug|Any CPU.Build.0 = Debug|Any CPU
		{4031AEE7-462E-4C75-8F0A-DA1B7830CC1E}.Release|Any CPU.ActiveCfg = Release|Any CPU
		{4031AEE7-462E-4C75-8F0A-DA1B7830CC1E}.Release|Any CPU.Build.0 = Release|Any CPU
		{8E0D1E4F-C74B-4D3B-B87E-1D6F8043D797}.Debug|Any CPU.ActiveCfg = Debug|Any CPU
		{8E0D1E4F-C74B-4D3B-B87E-1D6F8043D797}.Debug|Any CPU.Build.0 = Debug|Any CPU
		{8E0D1E4F-C74B-4D3B-B87E-1D6F8043D797}.Release|Any CPU.ActiveCfg = Release|Any CPU
		{8E0D1E4F-C74B-4D3B-B87E-1D6F8043D797}.Release|Any CPU.Build.0 = Release|Any CPU
		{0A3B7B54-35C5-4A40-8410-721A8DC184AC}.Debug|Any CPU.ActiveCfg = Debug|Any CPU
		{0A3B7B54-35C5-4A40-8410-721A8DC184AC}.Debug|Any CPU.Build.0 = Debug|Any CPU
		{0A3B7B54-35C5-4A40-8410-721A8DC184AC}.Release|Any CPU.ActiveCfg = Release|Any CPU
		{0A3B7B54-35C5-4A40-8410-721A8DC184AC}.Release|Any CPU.Build.0 = Release|Any CPU
		{38B60E3E-1E25-4599-A30A-A0F9CD5A2DE1}.Debug|Any CPU.ActiveCfg = Debug|Any CPU
		{38B60E3E-1E25-4599-A30A-A0F9CD5A2DE1}.Debug|Any CPU.Build.0 = Debug|Any CPU
		{38B60E3E-1E25-4599-A30A-A0F9CD5A2DE1}.Release|Any CPU.ActiveCfg = Release|Any CPU
		{38B60E3E-1E25-4599-A30A-A0F9CD5A2DE1}.Release|Any CPU.Build.0 = Release|Any CPU
		{89A2208F-D88A-4BD2-9E24-CA387F59B668}.Debug|Any CPU.ActiveCfg = Debug|Any CPU
		{89A2208F-D88A-4BD2-9E24-CA387F59B668}.Debug|Any CPU.Build.0 = Debug|Any CPU
		{89A2208F-D88A-4BD2-9E24-CA387F59B668}.Release|Any CPU.ActiveCfg = Release|Any CPU
		{89A2208F-D88A-4BD2-9E24-CA387F59B668}.Release|Any CPU.Build.0 = Release|Any CPU
		{8CC544D1-6E95-42A8-A179-17FB58C017FE}.Debug|Any CPU.ActiveCfg = Debug|Any CPU
		{8CC544D1-6E95-42A8-A179-17FB58C017FE}.Debug|Any CPU.Build.0 = Debug|Any CPU
		{8CC544D1-6E95-42A8-A179-17FB58C017FE}.Release|Any CPU.ActiveCfg = Release|Any CPU
		{8CC544D1-6E95-42A8-A179-17FB58C017FE}.Release|Any CPU.Build.0 = Release|Any CPU
	EndGlobalSection
	GlobalSection(SolutionProperties) = preSolution
		HideSolutionNode = FALSE
	EndGlobalSection
	GlobalSection(NestedProjects) = preSolution
		{A9F48B0F-9A20-44B8-BBCB-EBE2EA7A2E89} = {ABFE2ABC-33C6-4343-9DFD-FC3FC851200A}
		{1EBC793D-F9CF-4A3B-B871-F85135C06342} = {ABFE2ABC-33C6-4343-9DFD-FC3FC851200A}
		{30FC73F7-2E10-49FF-A8E0-E7BB5D011140} = {ABFE2ABC-33C6-4343-9DFD-FC3FC851200A}
		{1B92EC4E-74BF-40AD-8CA1-F9E679119154} = {ABFE2ABC-33C6-4343-9DFD-FC3FC851200A}
		{A6A89176-8A32-4D30-BFD4-D87F30F8C848} = {6DA22F39-07A4-48AD-8F27-9DA5CCCAE054}
		{CB540097-85D2-4F0C-9178-3FECC3357297} = {6DA22F39-07A4-48AD-8F27-9DA5CCCAE054}
		{4031AEE7-462E-4C75-8F0A-DA1B7830CC1E} = {ABFE2ABC-33C6-4343-9DFD-FC3FC851200A}
		{8E0D1E4F-C74B-4D3B-B87E-1D6F8043D797} = {ABFE2ABC-33C6-4343-9DFD-FC3FC851200A}
		{0A3B7B54-35C5-4A40-8410-721A8DC184AC} = {ABFE2ABC-33C6-4343-9DFD-FC3FC851200A}
		{38B60E3E-1E25-4599-A30A-A0F9CD5A2DE1} = {ABFE2ABC-33C6-4343-9DFD-FC3FC851200A}
		{89A2208F-D88A-4BD2-9E24-CA387F59B668} = {ABFE2ABC-33C6-4343-9DFD-FC3FC851200A}
		{8CC544D1-6E95-42A8-A179-17FB58C017FE} = {ABFE2ABC-33C6-4343-9DFD-FC3FC851200A}
	EndGlobalSection
	GlobalSection(ExtensibilityGlobals) = postSolution
		SolutionGuid = {82EC32E6-DB82-48E7-A2B5-762D6A22AAA3}
	EndGlobalSection
EndGlobal
