
Microsoft Visual Studio Solution File, Format Version 12.00
# Visual Studio Version 17
VisualStudioVersion = 17.10.34707.107
MinimumVisualStudioVersion = 10.0.40219.1
Project("{9A19103F-16F7-4668-BE54-9A1E7A4F7556}") = "Goke.Web", "Goke.Web\Goke.Web\Goke.Web.csproj", "{B49620A7-075C-4087-973B-EF16913EDAEB}"
EndProject
Project("{9A19103F-16F7-4668-BE54-9A1E7A4F7556}") = "Goke.Web.Client", "Goke.Web\Goke.Web.Client\Goke.Web.Client.csproj", "{79FAB020-7399-42B6-BE48-B6F3ECA80779}"
EndProject
Project("{2150E333-8FDC-42A3-9474-1A3956D46DE8}") = "Solution Items", "Solution Items", "{20EB2C99-4489-497C-BDBE-391A9509313B}"
	ProjectSection(SolutionItems) = preProject
		azure-pipelines.yml = azure-pipelines.yml
		res.txt = res.txt
	EndProjectSection
EndProject
Project("{9A19103F-16F7-4668-BE54-9A1E7A4F7556}") = "Goke.Web.Shared", "Goke.web.Shared\Goke.Web.Shared.csproj", "{F881093F-EC4D-46E4-BBF7-08030CBA5681}"
EndProject
Project("{9A19103F-16F7-4668-BE54-9A1E7A4F7556}") = "Goke.Razor.Components", "Goke.Razor.Components\Goke.Razor.Components.csproj", "{74D822C5-1B07-41C1-B867-C3199E14C657}"
EndProject
Project("{FAE04EC0-301F-11D3-BF4B-00C04F79EFBC}") = "Goke.Web.LinuxMigrations", "Goke.Web.LinuxMigrations\Goke.Web.LinuxMigrations.csproj", "{056997E9-B940-427E-805A-7DDEEFBA2DB2}"
EndProject
Global
	GlobalSection(SolutionConfigurationPlatforms) = preSolution
		Debug|Any CPU = Debug|Any CPU
		Release|Any CPU = Release|Any CPU
	EndGlobalSection
	GlobalSection(ProjectConfigurationPlatforms) = postSolution
		{B49620A7-075C-4087-973B-EF16913EDAEB}.Debug|Any CPU.ActiveCfg = Debug|Any CPU
		{B49620A7-075C-4087-973B-EF16913EDAEB}.Debug|Any CPU.Build.0 = Debug|Any CPU
		{B49620A7-075C-4087-973B-EF16913EDAEB}.Release|Any CPU.ActiveCfg = Release|Any CPU
		{B49620A7-075C-4087-973B-EF16913EDAEB}.Release|Any CPU.Build.0 = Release|Any CPU
		{79FAB020-7399-42B6-BE48-B6F3ECA80779}.Debug|Any CPU.ActiveCfg = Debug|Any CPU
		{79FAB020-7399-42B6-BE48-B6F3ECA80779}.Debug|Any CPU.Build.0 = Debug|Any CPU
		{79FAB020-7399-42B6-BE48-B6F3ECA80779}.Release|Any CPU.ActiveCfg = Release|Any CPU
		{79FAB020-7399-42B6-BE48-B6F3ECA80779}.Release|Any CPU.Build.0 = Release|Any CPU
		{F881093F-EC4D-46E4-BBF7-08030CBA5681}.Debug|Any CPU.ActiveCfg = Debug|Any CPU
		{F881093F-EC4D-46E4-BBF7-08030CBA5681}.Debug|Any CPU.Build.0 = Debug|Any CPU
		{F881093F-EC4D-46E4-BBF7-08030CBA5681}.Release|Any CPU.ActiveCfg = Release|Any CPU
		{F881093F-EC4D-46E4-BBF7-08030CBA5681}.Release|Any CPU.Build.0 = Release|Any CPU
		{74D822C5-1B07-41C1-B867-C3199E14C657}.Debug|Any CPU.ActiveCfg = Debug|Any CPU
		{74D822C5-1B07-41C1-B867-C3199E14C657}.Debug|Any CPU.Build.0 = Debug|Any CPU
		{74D822C5-1B07-41C1-B867-C3199E14C657}.Release|Any CPU.ActiveCfg = Release|Any CPU
		{74D822C5-1B07-41C1-B867-C3199E14C657}.Release|Any CPU.Build.0 = Release|Any CPU
		{056997E9-B940-427E-805A-7DDEEFBA2DB2}.Debug|Any CPU.ActiveCfg = Debug|Any CPU
		{056997E9-B940-427E-805A-7DDEEFBA2DB2}.Debug|Any CPU.Build.0 = Debug|Any CPU
		{056997E9-B940-427E-805A-7DDEEFBA2DB2}.Release|Any CPU.ActiveCfg = Release|Any CPU
		{056997E9-B940-427E-805A-7DDEEFBA2DB2}.Release|Any CPU.Build.0 = Release|Any CPU
	EndGlobalSection
	GlobalSection(SolutionProperties) = preSolution
		HideSolutionNode = FALSE
	EndGlobalSection
	GlobalSection(ExtensibilityGlobals) = postSolution
		SolutionGuid = {82EC32E6-DB82-48E7-A2B5-762D6A22AAA3}
	EndGlobalSection
EndGlobal
